
Microsoft Visual Studio Solution File, Format Version 12.00
# Visual Studio Version 16
VisualStudioVersion = 16.0.30907.101
MinimumVisualStudioVersion = 10.0.40219.1
Project("{9A19103F-16F7-4668-BE54-9A1E7A4F7556}") = "DataAccess", "DataAccess\DataAccess.csproj", "{F113A2FC-5727-4D1E-9A36-D2FCB109FE22}"
EndProject
Project("{9A19103F-16F7-4668-BE54-9A1E7A4F7556}") = "Business", "Business\Business.csproj", "{9F63A80D-E8EB-4187-8B18-9CA2AAC8FD3B}"
EndProject
Project("{9A19103F-16F7-4668-BE54-9A1E7A4F7556}") = "Entities", "Entities\Entities.csproj", "{7896E4AD-F5AA-42E8-A92B-B2092EB5DABC}"
EndProject
Project("{9A19103F-16F7-4668-BE54-9A1E7A4F7556}") = "ConsoleUI", "ConsoleUI\ConsoleUI.csproj", "{8159858E-B841-4E79-92DE-D17828F9EA12}"
EndProject
Project("{9A19103F-16F7-4668-BE54-9A1E7A4F7556}") = "Core", "Core\Core.csproj", "{A62506A7-CD0A-4AE3-976C-6F94DF107FBA}"
EndProject
Project("{FAE04EC0-301F-11D3-BF4B-00C04F79EFBC}") = "WebAPI", "WebAPI\WebAPI.csproj", "{50CF94C3-E5F1-45C3-89A7-CB99DCCAB62A}"
EndProject
Global
	GlobalSection(SolutionConfigurationPlatforms) = preSolution
		Debug|Any CPU = Debug|Any CPU
		Release|Any CPU = Release|Any CPU
	EndGlobalSection
	GlobalSection(ProjectConfigurationPlatforms) = postSolution
		{F113A2FC-5727-4D1E-9A36-D2FCB109FE22}.Debug|Any CPU.ActiveCfg = Debug|Any CPU
		{F113A2FC-5727-4D1E-9A36-D2FCB109FE22}.Debug|Any CPU.Build.0 = Debug|Any CPU
		{F113A2FC-5727-4D1E-9A36-D2FCB109FE22}.Release|Any CPU.ActiveCfg = Release|Any CPU
		{F113A2FC-5727-4D1E-9A36-D2FCB109FE22}.Release|Any CPU.Build.0 = Release|Any CPU
		{9F63A80D-E8EB-4187-8B18-9CA2AAC8FD3B}.Debug|Any CPU.ActiveCfg = Debug|Any CPU
		{9F63A80D-E8EB-4187-8B18-9CA2AAC8FD3B}.Debug|Any CPU.Build.0 = Debug|Any CPU
		{9F63A80D-E8EB-4187-8B18-9CA2AAC8FD3B}.Release|Any CPU.ActiveCfg = Release|Any CPU
		{9F63A80D-E8EB-4187-8B18-9CA2AAC8FD3B}.Release|Any CPU.Build.0 = Release|Any CPU
		{7896E4AD-F5AA-42E8-A92B-B2092EB5DABC}.Debug|Any CPU.ActiveCfg = Debug|Any CPU
		{7896E4AD-F5AA-42E8-A92B-B2092EB5DABC}.Debug|Any CPU.Build.0 = Debug|Any CPU
		{7896E4AD-F5AA-42E8-A92B-B2092EB5DABC}.Release|Any CPU.ActiveCfg = Release|Any CPU
		{7896E4AD-F5AA-42E8-A92B-B2092EB5DABC}.Release|Any CPU.Build.0 = Release|Any CPU
		{8159858E-B841-4E79-92DE-D17828F9EA12}.Debug|Any CPU.ActiveCfg = Debug|Any CPU
		{8159858E-B841-4E79-92DE-D17828F9EA12}.Debug|Any CPU.Build.0 = Debug|Any CPU
		{8159858E-B841-4E79-92DE-D17828F9EA12}.Release|Any CPU.ActiveCfg = Release|Any CPU
		{8159858E-B841-4E79-92DE-D17828F9EA12}.Release|Any CPU.Build.0 = Release|Any CPU
		{A62506A7-CD0A-4AE3-976C-6F94DF107FBA}.Debug|Any CPU.ActiveCfg = Debug|Any CPU
		{A62506A7-CD0A-4AE3-976C-6F94DF107FBA}.Debug|Any CPU.Build.0 = Debug|Any CPU
		{A62506A7-CD0A-4AE3-976C-6F94DF107FBA}.Release|Any CPU.ActiveCfg = Release|Any CPU
		{A62506A7-CD0A-4AE3-976C-6F94DF107FBA}.Release|Any CPU.Build.0 = Release|Any CPU
		{50CF94C3-E5F1-45C3-89A7-CB99DCCAB62A}.Debug|Any CPU.ActiveCfg = Debug|Any CPU
		{50CF94C3-E5F1-45C3-89A7-CB99DCCAB62A}.Debug|Any CPU.Build.0 = Debug|Any CPU
		{50CF94C3-E5F1-45C3-89A7-CB99DCCAB62A}.Release|Any CPU.ActiveCfg = Release|Any CPU
		{50CF94C3-E5F1-45C3-89A7-CB99DCCAB62A}.Release|Any CPU.Build.0 = Release|Any CPU
	EndGlobalSection
	GlobalSection(SolutionProperties) = preSolution
		HideSolutionNode = FALSE
	EndGlobalSection
	GlobalSection(ExtensibilityGlobals) = postSolution
		SolutionGuid = {0F8190AD-E904-499E-8735-3E58E65C9993}
	EndGlobalSection
EndGlobal
